# This file is generated by running "yarn install" inside your project.
# Manual changes might be lost - proceed with caution!

__metadata:
  version: 6
  cacheKey: 8

"zenn-cli@npm:^0.1.132":
  version: 0.1.132
  resolution: "zenn-cli@npm:0.1.132"
  bin:
    zenn: dist/server/zenn.js
  checksum: a05b190ee45a5e37813c734fe2aa366b388046d26ca659d41c90a17be673abb2a5e86dcc92244be747663ace38cc62d1d02782d38f08c7f4e3514ed1e0b22d0d
  languageName: node
  linkType: hard

"zenn-contents@workspace:.":
  version: 0.0.0-use.local
  resolution: "zenn-contents@workspace:."
  dependencies:
    zenn-cli: ^0.1.132
  languageName: unknown
  linkType: soft
