# This file is generated by running "yarn install" inside your project.
# Manual changes might be lost - proceed with caution!

__metadata:
  version: 8
  cacheKey: 10c0

"prettier@npm:^3.3.2":
  version: 3.3.2
  resolution: "prettier@npm:3.3.2"
  bin:
    prettier: bin/prettier.cjs
  checksum: 10c0/39ed27d17f0238da6dd6571d63026566bd790d3d0edac57c285fbab525982060c8f1e01955fe38134ab10f0951a6076da37f015db8173c02f14bc7f0803a384c
  languageName: node
  linkType: hard

"zenn-cli@npm:^0.1.154":
  version: 0.1.154
  resolution: "zenn-cli@npm:0.1.154"
  bin:
    zenn: dist/server/zenn.js
  checksum: 10c0/aabd697136a19f8e211d54ba12a63a73158451a9bb22d3efe0128a59873f6d57ed9966991378ef81751e9df782e073c9f7c7a50cd9c4ad38c656e227e7b06cf0
  languageName: node
  linkType: hard

"zenn-contents@workspace:.":
  version: 0.0.0-use.local
  resolution: "zenn-contents@workspace:."
  dependencies:
    prettier: "npm:^3.3.2"
    zenn-cli: "npm:^0.1.154"
  languageName: unknown
  linkType: soft
