# This file is generated by running "yarn install" inside your project.
# Manual changes might be lost - proceed with caution!

__metadata:
  version: 6
  cacheKey: 8

"prettier@npm:^2.8.2":
  version: 2.8.2
  resolution: "prettier@npm:2.8.2"
  bin:
    prettier: bin-prettier.js
  checksum: 740c56c2128d587d656ea1dde9bc9c3503dfc94db4f3ac387259215eeb2e216680bdad9d18a0c9feecc6b42cfa188d6fa777df4c36c1d00cedd4199074fbfbd2
  languageName: node
  linkType: hard

"zenn-cli@npm:^0.1.135":
  version: 0.1.135
  resolution: "zenn-cli@npm:0.1.135"
  bin:
    zenn: dist/server/zenn.js
  checksum: 69a38eaad2e4aabff5c7ddcbd34329510d1203af4b6e97e00aaaafc8de0f7fd38d46a32525a9d0a8d3f82663f5cd08822336ee67cc47f0dc5c23a3698a92dc4d
  languageName: node
  linkType: hard

"zenn-contents@workspace:.":
  version: 0.0.0-use.local
  resolution: "zenn-contents@workspace:."
  dependencies:
    prettier: ^2.8.2
    zenn-cli: ^0.1.135
  languageName: unknown
  linkType: soft
